// !$*UTF8*$!
{
	archiveVersion = 1;
	classes = {
	};
	objectVersion = 55;
	objects = {

/* Begin PBXBuildFile section */
		AE057F6727F4C555002A0156 /* Pods_Navigation_App.framework in Frameworks */ = {isa = PBXBuildFile; fileRef = FDA4F16CD32ACEE2E509FC50 /* Pods_Navigation_App.framework */; };
		AE175BAE27F37BDF000B8D83 /* AppDelegate.swift in Sources */ = {isa = PBXBuildFile; fileRef = AE175BAD27F37BDF000B8D83 /* AppDelegate.swift */; };
		AE175BB027F37BDF000B8D83 /* SceneDelegate.swift in Sources */ = {isa = PBXBuildFile; fileRef = AE175BAF27F37BDF000B8D83 /* SceneDelegate.swift */; };
		AE175BB227F37BDF000B8D83 /* ViewController.swift in Sources */ = {isa = PBXBuildFile; fileRef = AE175BB127F37BDF000B8D83 /* ViewController.swift */; };
		AE175BB727F37BDF000B8D83 /* Assets.xcassets in Resources */ = {isa = PBXBuildFile; fileRef = AE175BB627F37BDF000B8D83 /* Assets.xcassets */; };
		AE175BBA27F37BDF000B8D83 /* LaunchScreen.storyboard in Resources */ = {isa = PBXBuildFile; fileRef = AE175BB827F37BDF000B8D83 /* LaunchScreen.storyboard */; };
		AE7912A927FCB2AA00BD270A /* GooglePLacesManager.swift in Sources */ = {isa = PBXBuildFile; fileRef = AE7912A827FCB2AA00BD270A /* GooglePLacesManager.swift */; };
		AE90516C27FCBB1D0058F0E2 /* ResultsViewController.swift in Sources */ = {isa = PBXBuildFile; fileRef = AE90516B27FCBB1D0058F0E2 /* ResultsViewController.swift */; };
/* End PBXBuildFile section */

/* Begin PBXFileReference section */
		336DA3D387A6807DE68365C2 /* Pods-Navigation App.debug.xcconfig */ = {isa = PBXFileReference; includeInIndex = 1; lastKnownFileType = text.xcconfig; name = "Pods-Navigation App.debug.xcconfig"; path = "Target Support Files/Pods-Navigation App/Pods-Navigation App.debug.xcconfig"; sourceTree = "<group>"; };
		978F4B1E0B2BF6F60443B80D /* Pods-Navigation App.release.xcconfig */ = {isa = PBXFileReference; includeInIndex = 1; lastKnownFileType = text.xcconfig; name = "Pods-Navigation App.release.xcconfig"; path = "Target Support Files/Pods-Navigation App/Pods-Navigation App.release.xcconfig"; sourceTree = "<group>"; };
		AE175BAA27F37BDF000B8D83 /* Navigation App.app */ = {isa = PBXFileReference; explicitFileType = wrapper.application; includeInIndex = 0; path = "Navigation App.app"; sourceTree = BUILT_PRODUCTS_DIR; };
		AE175BAD27F37BDF000B8D83 /* AppDelegate.swift */ = {isa = PBXFileReference; lastKnownFileType = sourcecode.swift; path = AppDelegate.swift; sourceTree = "<group>"; };
		AE175BAF27F37BDF000B8D83 /* SceneDelegate.swift */ = {isa = PBXFileReference; lastKnownFileType = sourcecode.swift; path = SceneDelegate.swift; sourceTree = "<group>"; };
		AE175BB127F37BDF000B8D83 /* ViewController.swift */ = {isa = PBXFileReference; lastKnownFileType = sourcecode.swift; path = ViewController.swift; sourceTree = "<group>"; };
		AE175BB627F37BDF000B8D83 /* Assets.xcassets */ = {isa = PBXFileReference; lastKnownFileType = folder.assetcatalog; path = Assets.xcassets; sourceTree = "<group>"; };
		AE175BB927F37BDF000B8D83 /* Base */ = {isa = PBXFileReference; lastKnownFileType = file.storyboard; name = Base; path = Base.lproj/LaunchScreen.storyboard; sourceTree = "<group>"; };
		AE175BBB27F37BDF000B8D83 /* Info.plist */ = {isa = PBXFileReference; lastKnownFileType = text.plist.xml; path = Info.plist; sourceTree = "<group>"; };
		AE7912A827FCB2AA00BD270A /* GooglePLacesManager.swift */ = {isa = PBXFileReference; lastKnownFileType = sourcecode.swift; path = GooglePLacesManager.swift; sourceTree = "<group>"; };
		AE90516B27FCBB1D0058F0E2 /* ResultsViewController.swift */ = {isa = PBXFileReference; lastKnownFileType = sourcecode.swift; path = ResultsViewController.swift; sourceTree = "<group>"; };
		FDA4F16CD32ACEE2E509FC50 /* Pods_Navigation_App.framework */ = {isa = PBXFileReference; explicitFileType = wrapper.framework; includeInIndex = 0; path = Pods_Navigation_App.framework; sourceTree = BUILT_PRODUCTS_DIR; };
/* End PBXFileReference section */

/* Begin PBXFrameworksBuildPhase section */
		AE175BA727F37BDF000B8D83 /* Frameworks */ = {
			isa = PBXFrameworksBuildPhase;
			buildActionMask = 2147483647;
			files = (
				AE057F6727F4C555002A0156 /* Pods_Navigation_App.framework in Frameworks */,
			);
			runOnlyForDeploymentPostprocessing = 0;
		};
/* End PBXFrameworksBuildPhase section */

/* Begin PBXGroup section */
		3D444B43FD5E91037F233DD1 /* Frameworks */ = {
			isa = PBXGroup;
			children = (
				FDA4F16CD32ACEE2E509FC50 /* Pods_Navigation_App.framework */,
			);
			name = Frameworks;
			sourceTree = "<group>";
		};
		47C80EA40F5549F5BC81C1BE /* Pods */ = {
			isa = PBXGroup;
			children = (
				336DA3D387A6807DE68365C2 /* Pods-Navigation App.debug.xcconfig */,
				978F4B1E0B2BF6F60443B80D /* Pods-Navigation App.release.xcconfig */,
			);
			path = Pods;
			sourceTree = "<group>";
		};
		AE175BA127F37BDF000B8D83 = {
			isa = PBXGroup;
			children = (
				AE175BAC27F37BDF000B8D83 /* Navigation App */,
				AE175BAB27F37BDF000B8D83 /* Products */,
				47C80EA40F5549F5BC81C1BE /* Pods */,
				3D444B43FD5E91037F233DD1 /* Frameworks */,
			);
			sourceTree = "<group>";
		};
		AE175BAB27F37BDF000B8D83 /* Products */ = {
			isa = PBXGroup;
			children = (
				AE175BAA27F37BDF000B8D83 /* Navigation App.app */,
			);
			name = Products;
			sourceTree = "<group>";
		};
		AE175BAC27F37BDF000B8D83 /* Navigation App */ = {
			isa = PBXGroup;
			children = (
				AE175BAD27F37BDF000B8D83 /* AppDelegate.swift */,
				AE175BAF27F37BDF000B8D83 /* SceneDelegate.swift */,
				AE175BB127F37BDF000B8D83 /* ViewController.swift */,
				AE175BB627F37BDF000B8D83 /* Assets.xcassets */,
				AE175BB827F37BDF000B8D83 /* LaunchScreen.storyboard */,
				AE175BBB27F37BDF000B8D83 /* Info.plist */,
				AE7912A827FCB2AA00BD270A /* GooglePLacesManager.swift */,
				AE90516B27FCBB1D0058F0E2 /* ResultsViewController.swift */,
			);
			path = "Navigation App";
			sourceTree = "<group>";
		};
/* End PBXGroup section */

/* Begin PBXNativeTarget section */
		AE175BA927F37BDF000B8D83 /* Navigation App */ = {
			isa = PBXNativeTarget;
			buildConfigurationList = AE175BBE27F37BDF000B8D83 /* Build configuration list for PBXNativeTarget "Navigation App" */;
			buildPhases = (
				63695BABB713B3623161790B /* [CP] Check Pods Manifest.lock */,
				AE175BA627F37BDF000B8D83 /* Sources */,
				AE175BA727F37BDF000B8D83 /* Frameworks */,
				AE175BA827F37BDF000B8D83 /* Resources */,
				524F193DA5EC4BAE8228A2D3 /* [CP] Copy Pods Resources */,
			);
			buildRules = (
			);
			dependencies = (
			);
			name = "Navigation App";
			productName = "Navigation App";
			productReference = AE175BAA27F37BDF000B8D83 /* Navigation App.app */;
			productType = "com.apple.product-type.application";
		};
/* End PBXNativeTarget section */

/* Begin PBXProject section */
		AE175BA227F37BDF000B8D83 /* Project object */ = {
			isa = PBXProject;
			attributes = {
				BuildIndependentTargetsInParallel = 1;
				LastSwiftUpdateCheck = 1320;
				LastUpgradeCheck = 1320;
				TargetAttributes = {
					AE175BA927F37BDF000B8D83 = {
						CreatedOnToolsVersion = 13.2.1;
					};
				};
			};
			buildConfigurationList = AE175BA527F37BDF000B8D83 /* Build configuration list for PBXProject "Navigation App" */;
			compatibilityVersion = "Xcode 13.0";
			developmentRegion = en;
			hasScannedForEncodings = 0;
			knownRegions = (
				en,
				Base,
			);
			mainGroup = AE175BA127F37BDF000B8D83;
			productRefGroup = AE175BAB27F37BDF000B8D83 /* Products */;
			projectDirPath = "";
			projectRoot = "";
			targets = (
				AE175BA927F37BDF000B8D83 /* Navigation App */,
			);
		};
/* End PBXProject section */

/* Begin PBXResourcesBuildPhase section */
		AE175BA827F37BDF000B8D83 /* Resources */ = {
			isa = PBXResourcesBuildPhase;
			buildActionMask = 2147483647;
			files = (
				AE175BBA27F37BDF000B8D83 /* LaunchScreen.storyboard in Resources */,
				AE175BB727F37BDF000B8D83 /* Assets.xcassets in Resources */,
			);
			runOnlyForDeploymentPostprocessing = 0;
		};
/* End PBXResourcesBuildPhase section */

/* Begin PBXShellScriptBuildPhase section */
		524F193DA5EC4BAE8228A2D3 /* [CP] Copy Pods Resources */ = {
			isa = PBXShellScriptBuildPhase;
			buildActionMask = 2147483647;
			files = (
			);
			inputFileListPaths = (
				"${PODS_ROOT}/Target Support Files/Pods-Navigation App/Pods-Navigation App-resources-${CONFIGURATION}-input-files.xcfilelist",
			);
			name = "[CP] Copy Pods Resources";
			outputFileListPaths = (
				"${PODS_ROOT}/Target Support Files/Pods-Navigation App/Pods-Navigation App-resources-${CONFIGURATION}-output-files.xcfilelist",
			);
			runOnlyForDeploymentPostprocessing = 0;
			shellPath = /bin/sh;
			shellScript = "\"${PODS_ROOT}/Target Support Files/Pods-Navigation App/Pods-Navigation App-resources.sh\"\n";
			showEnvVarsInLog = 0;
		};
		63695BABB713B3623161790B /* [CP] Check Pods Manifest.lock */ = {
			isa = PBXShellScriptBuildPhase;
			buildActionMask = 2147483647;
			files = (
			);
			inputFileListPaths = (
			);
			inputPaths = (
				"${PODS_PODFILE_DIR_PATH}/Podfile.lock",
				"${PODS_ROOT}/Manifest.lock",
			);
			name = "[CP] Check Pods Manifest.lock";
			outputFileListPaths = (
			);
			outputPaths = (
				"$(DERIVED_FILE_DIR)/Pods-Navigation App-checkManifestLockResult.txt",
			);
			runOnlyForDeploymentPostprocessing = 0;
			shellPath = /bin/sh;
			shellScript = "diff \"${PODS_PODFILE_DIR_PATH}/Podfile.lock\" \"${PODS_ROOT}/Manifest.lock\" > /dev/null\nif [ $? != 0 ] ; then\n    # print error to STDERR\n    echo \"error: The sandbox is not in sync with the Podfile.lock. Run 'pod install' or update your CocoaPods installation.\" >&2\n    exit 1\nfi\n# This output is used by Xcode 'outputs' to avoid re-running this script phase.\necho \"SUCCESS\" > \"${SCRIPT_OUTPUT_FILE_0}\"\n";
			showEnvVarsInLog = 0;
		};
/* End PBXShellScriptBuildPhase section */

/* Begin PBXSourcesBuildPhase section */
		AE175BA627F37BDF000B8D83 /* Sources */ = {
			isa = PBXSourcesBuildPhase;
			buildActionMask = 2147483647;
			files = (
				AE175BB227F37BDF000B8D83 /* ViewController.swift in Sources */,
				AE175BAE27F37BDF000B8D83 /* AppDelegate.swift in Sources */,
				AE7912A927FCB2AA00BD270A /* GooglePLacesManager.swift in Sources */,
				AE90516C27FCBB1D0058F0E2 /* ResultsViewController.swift in Sources */,
				AE175BB027F37BDF000B8D83 /* SceneDelegate.swift in Sources */,
			);
			runOnlyForDeploymentPostprocessing = 0;
		};
/* End PBXSourcesBuildPhase section */

/* Begin PBXVariantGroup section */
		AE175BB827F37BDF000B8D83 /* LaunchScreen.storyboard */ = {
			isa = PBXVariantGroup;
			children = (
				AE175BB927F37BDF000B8D83 /* Base */,
			);
			name = LaunchScreen.storyboard;
			sourceTree = "<group>";
		};
/* End PBXVariantGroup section */

/* Begin XCBuildConfiguration section */
		AE175BBC27F37BDF000B8D83 /* Debug */ = {
			isa = XCBuildConfiguration;
			buildSettings = {
				ALWAYS_SEARCH_USER_PATHS = NO;
				CLANG_ANALYZER_NONNULL = YES;
				CLANG_ANALYZER_NUMBER_OBJECT_CONVERSION = YES_AGGRESSIVE;
				CLANG_CXX_LANGUAGE_STANDARD = "gnu++17";
				CLANG_CXX_LIBRARY = "libc++";
				CLANG_ENABLE_MODULES = YES;
				CLANG_ENABLE_OBJC_ARC = YES;
				CLANG_ENABLE_OBJC_WEAK = YES;
				CLANG_WARN_BLOCK_CAPTURE_AUTORELEASING = YES;
				CLANG_WARN_BOOL_CONVERSION = YES;
				CLANG_WARN_COMMA = YES;
				CLANG_WARN_CONSTANT_CONVERSION = YES;
				CLANG_WARN_DEPRECATED_OBJC_IMPLEMENTATIONS = YES;
				CLANG_WARN_DIRECT_OBJC_ISA_USAGE = YES_ERROR;
				CLANG_WARN_DOCUMENTATION_COMMENTS = YES;
				CLANG_WARN_EMPTY_BODY = YES;
				CLANG_WARN_ENUM_CONVERSION = YES;
				CLANG_WARN_INFINITE_RECURSION = YES;
				CLANG_WARN_INT_CONVERSION = YES;
				CLANG_WARN_NON_LITERAL_NULL_CONVERSION = YES;
				CLANG_WARN_OBJC_IMPLICIT_RETAIN_SELF = YES;
				CLANG_WARN_OBJC_LITERAL_CONVERSION = YES;
				CLANG_WARN_OBJC_ROOT_CLASS = YES_ERROR;
				CLANG_WARN_QUOTED_INCLUDE_IN_FRAMEWORK_HEADER = YES;
				CLANG_WARN_RANGE_LOOP_ANALYSIS = YES;
				CLANG_WARN_STRICT_PROTOTYPES = YES;
				CLANG_WARN_SUSPICIOUS_MOVE = YES;
				CLANG_WARN_UNGUARDED_AVAILABILITY = YES_AGGRESSIVE;
				CLANG_WARN_UNREACHABLE_CODE = YES;
				CLANG_WARN__DUPLICATE_METHOD_MATCH = YES;
				COPY_PHASE_STRIP = NO;
				DEBUG_INFORMATION_FORMAT = dwarf;
				ENABLE_STRICT_OBJC_MSGSEND = YES;
				ENABLE_TESTABILITY = YES;
				GCC_C_LANGUAGE_STANDARD = gnu11;
				GCC_DYNAMIC_NO_PIC = NO;
				GCC_NO_COMMON_BLOCKS = YES;
				GCC_OPTIMIZATION_LEVEL = 0;
				GCC_PREPROCESSOR_DEFINITIONS = (
					"DEBUG=1",
					"$(inherited)",
				);
				GCC_WARN_64_TO_32_BIT_CONVERSION = YES;
				GCC_WARN_ABOUT_RETURN_TYPE = YES_ERROR;
				GCC_WARN_UNDECLARED_SELECTOR = YES;
				GCC_WARN_UNINITIALIZED_AUTOS = YES_AGGRESSIVE;
				GCC_WARN_UNUSED_FUNCTION = YES;
				GCC_WARN_UNUSED_VARIABLE = YES;
				IPHONEOS_DEPLOYMENT_TARGET = 15.2;
				MTL_ENABLE_DEBUG_INFO = INCLUDE_SOURCE;
				MTL_FAST_MATH = YES;
				ONLY_ACTIVE_ARCH = YES;
				SDKROOT = iphoneos;
				SWIFT_ACTIVE_COMPILATION_CONDITIONS = DEBUG;
				SWIFT_OPTIMIZATION_LEVEL = "-Onone";
			};
			name = Debug;
		};
		AE175BBD27F37BDF000B8D83 /* Release */ = {
			isa = XCBuildConfiguration;
			buildSettings = {
				ALWAYS_SEARCH_USER_PATHS = NO;
				CLANG_ANALYZER_NONNULL = YES;
				CLANG_ANALYZER_NUMBER_OBJECT_CONVERSION = YES_AGGRESSIVE;
				CLANG_CXX_LANGUAGE_STANDARD = "gnu++17";
				CLANG_CXX_LIBRARY = "libc++";
				CLANG_ENABLE_MODULES = YES;
				CLANG_ENABLE_OBJC_ARC = YES;
				CLANG_ENABLE_OBJC_WEAK = YES;
				CLANG_WARN_BLOCK_CAPTURE_AUTORELEASING = YES;
				CLANG_WARN_BOOL_CONVERSION = YES;
				CLANG_WARN_COMMA = YES;
				CLANG_WARN_CONSTANT_CONVERSION = YES;
				CLANG_WARN_DEPRECATED_OBJC_IMPLEMENTATIONS = YES;
				CLANG_WARN_DIRECT_OBJC_ISA_USAGE = YES_ERROR;
				CLANG_WARN_DOCUMENTATION_COMMENTS = YES;
				CLANG_WARN_EMPTY_BODY = YES;
				CLANG_WARN_ENUM_CONVERSION = YES;
				CLANG_WARN_INFINITE_RECURSION = YES;
				CLANG_WARN_INT_CONVERSION = YES;
				CLANG_WARN_NON_LITERAL_NULL_CONVERSION = YES;
				CLANG_WARN_OBJC_IMPLICIT_RETAIN_SELF = YES;
				CLANG_WARN_OBJC_LITERAL_CONVERSION = YES;
				CLANG_WARN_OBJC_ROOT_CLASS = YES_ERROR;
				CLANG_WARN_QUOTED_INCLUDE_IN_FRAMEWORK_HEADER = YES;
				CLANG_WARN_RANGE_LOOP_ANALYSIS = YES;
				CLANG_WARN_STRICT_PROTOTYPES = YES;
				CLANG_WARN_SUSPICIOUS_MOVE = YES;
				CLANG_WARN_UNGUARDED_AVAILABILITY = YES_AGGRESSIVE;
				CLANG_WARN_UNREACHABLE_CODE = YES;
				CLANG_WARN__DUPLICATE_METHOD_MATCH = YES;
				COPY_PHASE_STRIP = NO;
				DEBUG_INFORMATION_FORMAT = "dwarf-with-dsym";
				ENABLE_NS_ASSERTIONS = NO;
				ENABLE_STRICT_OBJC_MSGSEND = YES;
				GCC_C_LANGUAGE_STANDARD = gnu11;
				GCC_NO_COMMON_BLOCKS = YES;
				GCC_WARN_64_TO_32_BIT_CONVERSION = YES;
				GCC_WARN_ABOUT_RETURN_TYPE = YES_ERROR;
				GCC_WARN_UNDECLARED_SELECTOR = YES;
				GCC_WARN_UNINITIALIZED_AUTOS = YES_AGGRESSIVE;
				GCC_WARN_UNUSED_FUNCTION = YES;
				GCC_WARN_UNUSED_VARIABLE = YES;
				IPHONEOS_DEPLOYMENT_TARGET = 15.2;
				MTL_ENABLE_DEBUG_INFO = NO;
				MTL_FAST_MATH = YES;
				SDKROOT = iphoneos;
				SWIFT_COMPILATION_MODE = wholemodule;
				SWIFT_OPTIMIZATION_LEVEL = "-O";
				VALIDATE_PRODUCT = YES;
			};
			name = Release;
		};
		AE175BBF27F37BDF000B8D83 /* Debug */ = {
			isa = XCBuildConfiguration;
			baseConfigurationReference = 336DA3D387A6807DE68365C2 /* Pods-Navigation App.debug.xcconfig */;
			buildSettings = {
				ASSETCATALOG_COMPILER_APPICON_NAME = AppIcon;
				ASSETCATALOG_COMPILER_GLOBAL_ACCENT_COLOR_NAME = AccentColor;
				CODE_SIGN_STYLE = Automatic;
				CURRENT_PROJECT_VERSION = 1;
				"EXCLUDED_ARCHS[sdk=*]" = arm64;
				GENERATE_INFOPLIST_FILE = YES;
				INFOPLIST_FILE = "Navigation App/Info.plist";
				INFOPLIST_KEY_NSLocationWhenInUseUsageDescription = "Please allow to see current location.";
				INFOPLIST_KEY_UIApplicationSupportsIndirectInputEvents = YES;
				INFOPLIST_KEY_UILaunchStoryboardName = LaunchScreen;
				INFOPLIST_KEY_UISupportedInterfaceOrientations_iPad = "UIInterfaceOrientationPortrait UIInterfaceOrientationPortraitUpsideDown UIInterfaceOrientationLandscapeLeft UIInterfaceOrientationLandscapeRight";
				INFOPLIST_KEY_UISupportedInterfaceOrientations_iPhone = "UIInterfaceOrientationPortrait UIInterfaceOrientationLandscapeLeft UIInterfaceOrientationLandscapeRight";
				LD_RUNPATH_SEARCH_PATHS = (
					"$(inherited)",
					"@executable_path/Frameworks",
				);
				MARKETING_VERSION = 1.0;
				PRODUCT_BUNDLE_IDENTIFIER = "neobis.Navigation-App";
				PRODUCT_NAME = "$(TARGET_NAME)";
				SWIFT_EMIT_LOC_STRINGS = YES;
				SWIFT_VERSION = 5.0;
				TARGETED_DEVICE_FAMILY = "1,2";
			};
			name = Debug;
		};
		AE175BC027F37BDF000B8D83 /* Release */ = {
			isa = XCBuildConfiguration;
			baseConfigurationReference = 978F4B1E0B2BF6F60443B80D /* Pods-Navigation App.release.xcconfig */;
			buildSettings = {
				ASSETCATALOG_COMPILER_APPICON_NAME = AppIcon;
				ASSETCATALOG_COMPILER_GLOBAL_ACCENT_COLOR_NAME = AccentColor;
				CODE_SIGN_STYLE = Automatic;
				CURRENT_PROJECT_VERSION = 1;
				"EXCLUDED_ARCHS[sdk=*]" = arm64;
				GENERATE_INFOPLIST_FILE = YES;
				INFOPLIST_FILE = "Navigation App/Info.plist";
				INFOPLIST_KEY_NSLocationWhenInUseUsageDescription = "Please allow to see current location.";
				INFOPLIST_KEY_UIApplicationSupportsIndirectInputEvents = YES;
				INFOPLIST_KEY_UILaunchStoryboardName = LaunchScreen;
				INFOPLIST_KEY_UISupportedInterfaceOrientations_iPad = "UIInterfaceOrientationPortrait UIInterfaceOrientationPortraitUpsideDown UIInterfaceOrientationLandscapeLeft UIInterfaceOrientationLandscapeRight";
				INFOPLIST_KEY_UISupportedInterfaceOrientations_iPhone = "UIInterfaceOrientationPortrait UIInterfaceOrientationLandscapeLeft UIInterfaceOrientationLandscapeRight";
				LD_RUNPATH_SEARCH_PATHS = (
					"$(inherited)",
					"@executable_path/Frameworks",
				);
				MARKETING_VERSION = 1.0;
				PRODUCT_BUNDLE_IDENTIFIER = "neobis.Navigation-App";
				PRODUCT_NAME = "$(TARGET_NAME)";
				SWIFT_EMIT_LOC_STRINGS = YES;
				SWIFT_VERSION = 5.0;
				TARGETED_DEVICE_FAMILY = "1,2";
			};
			name = Release;
		};
/* End XCBuildConfiguration section */

/* Begin XCConfigurationList section */
		AE175BA527F37BDF000B8D83 /* Build configuration list for PBXProject "Navigation App" */ = {
			isa = XCConfigurationList;
			buildConfigurations = (
				AE175BBC27F37BDF000B8D83 /* Debug */,
				AE175BBD27F37BDF000B8D83 /* Release */,
			);
			defaultConfigurationIsVisible = 0;
			defaultConfigurationName = Release;
		};
		AE175BBE27F37BDF000B8D83 /* Build configuration list for PBXNativeTarget "Navigation App" */ = {
			isa = XCConfigurationList;
			buildConfigurations = (
				AE175BBF27F37BDF000B8D83 /* Debug */,
				AE175BC027F37BDF000B8D83 /* Release */,
			);
			defaultConfigurationIsVisible = 0;
			defaultConfigurationName = Release;
		};
/* End XCConfigurationList section */
	};
	rootObject = AE175BA227F37BDF000B8D83 /* Project object */;
}
